PODS:
  - Alamofire (4.7.0)
  - AppCenter (3.0.0):
    - AppCenter/Analytics (= 3.0.0)
    - AppCenter/Crashes (= 3.0.0)
  - AppCenter/Analytics (3.0.0):
    - AppCenter/Core
  - AppCenter/Core (3.0.0)
  - AppCenter/Crashes (3.0.0):
    - AppCenter/Core
  - NetworkKit (0.0.1):
    - Alamofire (= 4.7)
  - TwoWayBondage (1.0.3)

DEPENDENCIES:
  - AppCenter (~> 3.0.0)
  - NetworkKit (from `ModuleFrameworks/NetworkKit`)
  - TwoWayBondage (~> 1.0.2)

SPEC REPOS:
  https://bitbucket.upnetix.com/scm/il/podspecrepo.git:
    - TwoWayBondage
  https://github.com/CocoaPods/Specs.git:
    - Alamofire
    - AppCenter

EXTERNAL SOURCES:
  NetworkKit:
    :path: ModuleFrameworks/NetworkKit

SPEC CHECKSUMS:
  Alamofire: 907e0a98eb68cdb7f9d1f541a563d6ac5dc77b25
  AppCenter: 7a0bbe928d07467ac8b2d7f6f2a675872a6471d8
  NetworkKit: cdc8f032f4d0f54fce0e1d589234cbd4bd395470
  TwoWayBondage: bc91471a7238e28ba38a650af1d92bd359769728

PODFILE CHECKSUM: 84c52b1fb43987c0aa8bb1aded177eda952eed58

COCOAPODS: 1.8.4
