// !$*UTF8*$!
{
	archiveVersion = 1;
	classes = {
	};
	objectVersion = 51;
	objects = {

/* Begin PBXBuildFile section */
		024D82D624239A7800696868 /* BaseViewConfigurator.swift in Sources */ = {isa = PBXBuildFile; fileRef = 024D82D524239A7800696868 /* BaseViewConfigurator.swift */; };
		024D82DA24239AE100696868 /* QuestionTableViewCell.swift in Sources */ = {isa = PBXBuildFile; fileRef = 024D82D824239AE100696868 /* QuestionTableViewCell.swift */; };
		024D82DB24239AE100696868 /* QuestionTableViewCell.xib in Resources */ = {isa = PBXBuildFile; fileRef = 024D82D924239AE100696868 /* QuestionTableViewCell.xib */; };
		024D82DD24239F0D00696868 /* UIViewExtension.swift in Sources */ = {isa = PBXBuildFile; fileRef = 024D82DC24239F0D00696868 /* UIViewExtension.swift */; };
		024D82E02423A0AE00696868 /* NoSymptomsTableViewCell.swift in Sources */ = {isa = PBXBuildFile; fileRef = 024D82DE2423A0AE00696868 /* NoSymptomsTableViewCell.swift */; };
		024D82E12423A0AE00696868 /* NoSymptomsTableViewCell.xib in Resources */ = {isa = PBXBuildFile; fileRef = 024D82DF2423A0AE00696868 /* NoSymptomsTableViewCell.xib */; };
		024D82E32423A80400696868 /* HealthStatusJson.json in Resources */ = {isa = PBXBuildFile; fileRef = 024D82E22423A80400696868 /* HealthStatusJson.json */; };
		024D82E82423A84200696868 /* HealthStatus.swift in Sources */ = {isa = PBXBuildFile; fileRef = 024D82E72423A84200696868 /* HealthStatus.swift */; };
		024D82EB2423B67100696868 /* SubmitTableViewCell.swift in Sources */ = {isa = PBXBuildFile; fileRef = 024D82E92423B67100696868 /* SubmitTableViewCell.swift */; };
		024D82EC2423B67100696868 /* SubmitTableViewCell.xib in Resources */ = {isa = PBXBuildFile; fileRef = 024D82EA2423B67100696868 /* SubmitTableViewCell.xib */; };
		024D82EE2423F70A00696868 /* Array+SafeAt.swift in Sources */ = {isa = PBXBuildFile; fileRef = 024D82ED2423F70A00696868 /* Array+SafeAt.swift */; };
		024D82F12424A35B00696868 /* RegistrationConfirmationViewController.swift in Sources */ = {isa = PBXBuildFile; fileRef = 024D82F02424A35B00696868 /* RegistrationConfirmationViewController.swift */; };
		024D82F32424AA3400696868 /* TextField+SetImage.swift in Sources */ = {isa = PBXBuildFile; fileRef = 024D82F22424AA3400696868 /* TextField+SetImage.swift */; };
		02B9A6AC242371F300B1A4C0 /* AppDelegate.swift in Sources */ = {isa = PBXBuildFile; fileRef = 02B9A6AB242371F300B1A4C0 /* AppDelegate.swift */; };
		02B9A6AE242371F300B1A4C0 /* SceneDelegate.swift in Sources */ = {isa = PBXBuildFile; fileRef = 02B9A6AD242371F300B1A4C0 /* SceneDelegate.swift */; };
		02B9A6B0242371F300B1A4C0 /* RegistrationViewController.swift in Sources */ = {isa = PBXBuildFile; fileRef = 02B9A6AF242371F300B1A4C0 /* RegistrationViewController.swift */; };
		02B9A6B3242371F300B1A4C0 /* Main.storyboard in Resources */ = {isa = PBXBuildFile; fileRef = 02B9A6B1242371F300B1A4C0 /* Main.storyboard */; };
		02B9A6B5242371F500B1A4C0 /* Assets.xcassets in Resources */ = {isa = PBXBuildFile; fileRef = 02B9A6B4242371F500B1A4C0 /* Assets.xcassets */; };
		02B9A6B8242371F500B1A4C0 /* LaunchScreen.storyboard in Resources */ = {isa = PBXBuildFile; fileRef = 02B9A6B6242371F500B1A4C0 /* LaunchScreen.storyboard */; };
		02B9A6C024237D6F00B1A4C0 /* HomeViewController.swift in Sources */ = {isa = PBXBuildFile; fileRef = 02B9A6BF24237D6F00B1A4C0 /* HomeViewController.swift */; };
		02B9A6C22423860E00B1A4C0 /* HealthStatusViewController.swift in Sources */ = {isa = PBXBuildFile; fileRef = 02B9A6C12423860E00B1A4C0 /* HealthStatusViewController.swift */; };
		02B9A6C82423989300B1A4C0 /* HealthStatusViewModel.swift in Sources */ = {isa = PBXBuildFile; fileRef = 02B9A6C72423989300B1A4C0 /* HealthStatusViewModel.swift */; };
		34CC17724F21013CB52B856E /* Pods_COVID_19.framework in Frameworks */ = {isa = PBXBuildFile; fileRef = 900FB5D22E4AC06017B386FC /* Pods_COVID_19.framework */; };
/* End PBXBuildFile section */

/* Begin PBXFileReference section */
		024D82D524239A7800696868 /* BaseViewConfigurator.swift */ = {isa = PBXFileReference; lastKnownFileType = sourcecode.swift; path = BaseViewConfigurator.swift; sourceTree = "<group>"; };
		024D82D824239AE100696868 /* QuestionTableViewCell.swift */ = {isa = PBXFileReference; lastKnownFileType = sourcecode.swift; path = QuestionTableViewCell.swift; sourceTree = "<group>"; };
		024D82D924239AE100696868 /* QuestionTableViewCell.xib */ = {isa = PBXFileReference; lastKnownFileType = file.xib; path = QuestionTableViewCell.xib; sourceTree = "<group>"; };
		024D82DC24239F0D00696868 /* UIViewExtension.swift */ = {isa = PBXFileReference; lastKnownFileType = sourcecode.swift; path = UIViewExtension.swift; sourceTree = "<group>"; };
		024D82DE2423A0AE00696868 /* NoSymptomsTableViewCell.swift */ = {isa = PBXFileReference; lastKnownFileType = sourcecode.swift; path = NoSymptomsTableViewCell.swift; sourceTree = "<group>"; };
		024D82DF2423A0AE00696868 /* NoSymptomsTableViewCell.xib */ = {isa = PBXFileReference; lastKnownFileType = file.xib; path = NoSymptomsTableViewCell.xib; sourceTree = "<group>"; };
		024D82E22423A80400696868 /* HealthStatusJson.json */ = {isa = PBXFileReference; lastKnownFileType = text.json; path = HealthStatusJson.json; sourceTree = "<group>"; };
		024D82E72423A84200696868 /* HealthStatus.swift */ = {isa = PBXFileReference; lastKnownFileType = sourcecode.swift; path = HealthStatus.swift; sourceTree = "<group>"; };
		024D82E92423B67100696868 /* SubmitTableViewCell.swift */ = {isa = PBXFileReference; lastKnownFileType = sourcecode.swift; path = SubmitTableViewCell.swift; sourceTree = "<group>"; };
		024D82EA2423B67100696868 /* SubmitTableViewCell.xib */ = {isa = PBXFileReference; lastKnownFileType = file.xib; path = SubmitTableViewCell.xib; sourceTree = "<group>"; };
		024D82ED2423F70A00696868 /* Array+SafeAt.swift */ = {isa = PBXFileReference; lastKnownFileType = sourcecode.swift; path = "Array+SafeAt.swift"; sourceTree = "<group>"; };
		024D82F02424A35B00696868 /* RegistrationConfirmationViewController.swift */ = {isa = PBXFileReference; lastKnownFileType = sourcecode.swift; path = RegistrationConfirmationViewController.swift; sourceTree = "<group>"; };
		024D82F22424AA3400696868 /* TextField+SetImage.swift */ = {isa = PBXFileReference; lastKnownFileType = sourcecode.swift; path = "TextField+SetImage.swift"; sourceTree = "<group>"; };
		02B9A6A8242371F300B1A4C0 /* COVID-19.app */ = {isa = PBXFileReference; explicitFileType = wrapper.application; includeInIndex = 0; path = "COVID-19.app"; sourceTree = BUILT_PRODUCTS_DIR; };
		02B9A6AB242371F300B1A4C0 /* AppDelegate.swift */ = {isa = PBXFileReference; lastKnownFileType = sourcecode.swift; path = AppDelegate.swift; sourceTree = "<group>"; };
		02B9A6AD242371F300B1A4C0 /* SceneDelegate.swift */ = {isa = PBXFileReference; lastKnownFileType = sourcecode.swift; path = SceneDelegate.swift; sourceTree = "<group>"; };
		02B9A6AF242371F300B1A4C0 /* RegistrationViewController.swift */ = {isa = PBXFileReference; lastKnownFileType = sourcecode.swift; path = RegistrationViewController.swift; sourceTree = "<group>"; };
		02B9A6B2242371F300B1A4C0 /* Base */ = {isa = PBXFileReference; lastKnownFileType = file.storyboard; name = Base; path = Base.lproj/Main.storyboard; sourceTree = "<group>"; };
		02B9A6B4242371F500B1A4C0 /* Assets.xcassets */ = {isa = PBXFileReference; lastKnownFileType = folder.assetcatalog; path = Assets.xcassets; sourceTree = "<group>"; };
		02B9A6B7242371F500B1A4C0 /* Base */ = {isa = PBXFileReference; lastKnownFileType = file.storyboard; name = Base; path = Base.lproj/LaunchScreen.storyboard; sourceTree = "<group>"; };
		02B9A6B9242371F500B1A4C0 /* Info.plist */ = {isa = PBXFileReference; lastKnownFileType = text.plist.xml; path = Info.plist; sourceTree = "<group>"; };
		02B9A6BF24237D6F00B1A4C0 /* HomeViewController.swift */ = {isa = PBXFileReference; lastKnownFileType = sourcecode.swift; path = HomeViewController.swift; sourceTree = "<group>"; };
		02B9A6C12423860E00B1A4C0 /* HealthStatusViewController.swift */ = {isa = PBXFileReference; lastKnownFileType = sourcecode.swift; path = HealthStatusViewController.swift; sourceTree = "<group>"; };
		02B9A6C72423989300B1A4C0 /* HealthStatusViewModel.swift */ = {isa = PBXFileReference; lastKnownFileType = sourcecode.swift; path = HealthStatusViewModel.swift; sourceTree = "<group>"; };
		342AD023A3A82D0930F0B286 /* Pods-COVID-19.release.xcconfig */ = {isa = PBXFileReference; includeInIndex = 1; lastKnownFileType = text.xcconfig; name = "Pods-COVID-19.release.xcconfig"; path = "Target Support Files/Pods-COVID-19/Pods-COVID-19.release.xcconfig"; sourceTree = "<group>"; };
		900FB5D22E4AC06017B386FC /* Pods_COVID_19.framework */ = {isa = PBXFileReference; explicitFileType = wrapper.framework; includeInIndex = 0; path = Pods_COVID_19.framework; sourceTree = BUILT_PRODUCTS_DIR; };
		C92708A9BE1BB942C4F3631A /* Pods-COVID-19.debug.xcconfig */ = {isa = PBXFileReference; includeInIndex = 1; lastKnownFileType = text.xcconfig; name = "Pods-COVID-19.debug.xcconfig"; path = "Target Support Files/Pods-COVID-19/Pods-COVID-19.debug.xcconfig"; sourceTree = "<group>"; };
/* End PBXFileReference section */

/* Begin PBXFrameworksBuildPhase section */
		02B9A6A5242371F300B1A4C0 /* Frameworks */ = {
			isa = PBXFrameworksBuildPhase;
			buildActionMask = 2147483647;
			files = (
				34CC17724F21013CB52B856E /* Pods_COVID_19.framework in Frameworks */,
			);
			runOnlyForDeploymentPostprocessing = 0;
		};
/* End PBXFrameworksBuildPhase section */

/* Begin PBXGroup section */
		024D82D424239A6100696868 /* Extensions */ = {
			isa = PBXGroup;
			children = (
				024D82D524239A7800696868 /* BaseViewConfigurator.swift */,
				024D82DC24239F0D00696868 /* UIViewExtension.swift */,
				024D82ED2423F70A00696868 /* Array+SafeAt.swift */,
				024D82F22424AA3400696868 /* TextField+SetImage.swift */,
			);
			path = Extensions;
			sourceTree = "<group>";
		};
		024D82D724239A9D00696868 /* TableViewCells */ = {
			isa = PBXGroup;
			children = (
				024D82D824239AE100696868 /* QuestionTableViewCell.swift */,
				024D82D924239AE100696868 /* QuestionTableViewCell.xib */,
				024D82DE2423A0AE00696868 /* NoSymptomsTableViewCell.swift */,
				024D82DF2423A0AE00696868 /* NoSymptomsTableViewCell.xib */,
				024D82E92423B67100696868 /* SubmitTableViewCell.swift */,
				024D82EA2423B67100696868 /* SubmitTableViewCell.xib */,
			);
			path = TableViewCells;
			sourceTree = "<group>";
		};
		024D82E42423A81A00696868 /* Models */ = {
			isa = PBXGroup;
			children = (
				024D82E72423A84200696868 /* HealthStatus.swift */,
			);
			path = Models;
			sourceTree = "<group>";
		};
		024D82EF2424A33A00696868 /* RegistrationConfirmationScene */ = {
			isa = PBXGroup;
			children = (
				024D82F02424A35B00696868 /* RegistrationConfirmationViewController.swift */,
			);
			path = RegistrationConfirmationScene;
			sourceTree = "<group>";
		};
		02B9A69F242371F300B1A4C0 = {
			isa = PBXGroup;
			children = (
				02B9A6AA242371F300B1A4C0 /* COVID-19 */,
				02B9A6A9242371F300B1A4C0 /* Products */,
				098645F2A323399E8535CE20 /* Pods */,
				9F4DA72F5F25B5412264AC67 /* Frameworks */,
			);
			sourceTree = "<group>";
		};
		02B9A6A9242371F300B1A4C0 /* Products */ = {
			isa = PBXGroup;
			children = (
				02B9A6A8242371F300B1A4C0 /* COVID-19.app */,
			);
			name = Products;
			sourceTree = "<group>";
		};
		02B9A6AA242371F300B1A4C0 /* COVID-19 */ = {
			isa = PBXGroup;
			children = (
				02B9A6C324238DF200B1A4C0 /* Scenes */,
				02B9A6AB242371F300B1A4C0 /* AppDelegate.swift */,
				02B9A6AD242371F300B1A4C0 /* SceneDelegate.swift */,
				02B9A6B1242371F300B1A4C0 /* Main.storyboard */,
				024D82E42423A81A00696868 /* Models */,
				02B9A6B4242371F500B1A4C0 /* Assets.xcassets */,
				02B9A6B6242371F500B1A4C0 /* LaunchScreen.storyboard */,
				02B9A6B9242371F500B1A4C0 /* Info.plist */,
				024D82D424239A6100696868 /* Extensions */,
			);
			path = "COVID-19";
			sourceTree = "<group>";
		};
		02B9A6C324238DF200B1A4C0 /* Scenes */ = {
			isa = PBXGroup;
			children = (
				024D82EF2424A33A00696868 /* RegistrationConfirmationScene */,
				02B9A6C424238DFF00B1A4C0 /* RegisterScene */,
				02B9A6C524238E0700B1A4C0 /* HomeScene */,
				02B9A6C624238E0E00B1A4C0 /* HealthStatusScene */,
			);
			path = Scenes;
			sourceTree = "<group>";
		};
		02B9A6C424238DFF00B1A4C0 /* RegisterScene */ = {
			isa = PBXGroup;
			children = (
				02B9A6AF242371F300B1A4C0 /* RegistrationViewController.swift */,
			);
			path = RegisterScene;
			sourceTree = "<group>";
		};
		02B9A6C524238E0700B1A4C0 /* HomeScene */ = {
			isa = PBXGroup;
			children = (
				02B9A6BF24237D6F00B1A4C0 /* HomeViewController.swift */,
			);
			path = HomeScene;
			sourceTree = "<group>";
		};
		02B9A6C624238E0E00B1A4C0 /* HealthStatusScene */ = {
			isa = PBXGroup;
			children = (
				024D82D724239A9D00696868 /* TableViewCells */,
				02B9A6C12423860E00B1A4C0 /* HealthStatusViewController.swift */,
				02B9A6C72423989300B1A4C0 /* HealthStatusViewModel.swift */,
				024D82E22423A80400696868 /* HealthStatusJson.json */,
			);
			path = HealthStatusScene;
			sourceTree = "<group>";
		};
		098645F2A323399E8535CE20 /* Pods */ = {
			isa = PBXGroup;
			children = (
				C92708A9BE1BB942C4F3631A /* Pods-COVID-19.debug.xcconfig */,
				342AD023A3A82D0930F0B286 /* Pods-COVID-19.release.xcconfig */,
			);
			path = Pods;
			sourceTree = "<group>";
		};
		9F4DA72F5F25B5412264AC67 /* Frameworks */ = {
			isa = PBXGroup;
			children = (
				900FB5D22E4AC06017B386FC /* Pods_COVID_19.framework */,
			);
			name = Frameworks;
			sourceTree = "<group>";
		};
/* End PBXGroup section */

/* Begin PBXNativeTarget section */
		02B9A6A7242371F300B1A4C0 /* COVID-19 */ = {
			isa = PBXNativeTarget;
			buildConfigurationList = 02B9A6BC242371F500B1A4C0 /* Build configuration list for PBXNativeTarget "COVID-19" */;
			buildPhases = (
				325ADBD3925626C73978ACB1 /* [CP] Check Pods Manifest.lock */,
				02B9A6A4242371F300B1A4C0 /* Sources */,
				02B9A6A5242371F300B1A4C0 /* Frameworks */,
				02B9A6A6242371F300B1A4C0 /* Resources */,
				5463F928ED335AA42F535C73 /* [CP] Embed Pods Frameworks */,
			);
			buildRules = (
			);
			dependencies = (
			);
			name = "COVID-19";
			productName = "COVID-19";
			productReference = 02B9A6A8242371F300B1A4C0 /* COVID-19.app */;
			productType = "com.apple.product-type.application";
		};
/* End PBXNativeTarget section */

/* Begin PBXProject section */
		02B9A6A0242371F300B1A4C0 /* Project object */ = {
			isa = PBXProject;
			attributes = {
				LastSwiftUpdateCheck = 1130;
				LastUpgradeCheck = 1130;
				ORGANIZATIONNAME = "Upnetix AD";
				TargetAttributes = {
					02B9A6A7242371F300B1A4C0 = {
						CreatedOnToolsVersion = 11.3.1;
						ProvisioningStyle = Manual;
					};
				};
			};
			buildConfigurationList = 02B9A6A3242371F300B1A4C0 /* Build configuration list for PBXProject "COVID-19" */;
			compatibilityVersion = "Xcode 9.3";
			developmentRegion = en;
			hasScannedForEncodings = 0;
			knownRegions = (
				en,
				Base,
			);
			mainGroup = 02B9A69F242371F300B1A4C0;
			productRefGroup = 02B9A6A9242371F300B1A4C0 /* Products */;
			projectDirPath = "";
			projectRoot = "";
			targets = (
				02B9A6A7242371F300B1A4C0 /* COVID-19 */,
			);
		};
/* End PBXProject section */

/* Begin PBXResourcesBuildPhase section */
		02B9A6A6242371F300B1A4C0 /* Resources */ = {
			isa = PBXResourcesBuildPhase;
			buildActionMask = 2147483647;
			files = (
				02B9A6B8242371F500B1A4C0 /* LaunchScreen.storyboard in Resources */,
				024D82E32423A80400696868 /* HealthStatusJson.json in Resources */,
				024D82E12423A0AE00696868 /* NoSymptomsTableViewCell.xib in Resources */,
				024D82DB24239AE100696868 /* QuestionTableViewCell.xib in Resources */,
				024D82EC2423B67100696868 /* SubmitTableViewCell.xib in Resources */,
				02B9A6B5242371F500B1A4C0 /* Assets.xcassets in Resources */,
				02B9A6B3242371F300B1A4C0 /* Main.storyboard in Resources */,
			);
			runOnlyForDeploymentPostprocessing = 0;
		};
/* End PBXResourcesBuildPhase section */

/* Begin PBXShellScriptBuildPhase section */
		325ADBD3925626C73978ACB1 /* [CP] Check Pods Manifest.lock */ = {
			isa = PBXShellScriptBuildPhase;
			buildActionMask = 2147483647;
			files = (
			);
			inputFileListPaths = (
			);
			inputPaths = (
				"${PODS_PODFILE_DIR_PATH}/Podfile.lock",
				"${PODS_ROOT}/Manifest.lock",
			);
			name = "[CP] Check Pods Manifest.lock";
			outputFileListPaths = (
			);
			outputPaths = (
				"$(DERIVED_FILE_DIR)/Pods-COVID-19-checkManifestLockResult.txt",
			);
			runOnlyForDeploymentPostprocessing = 0;
			shellPath = /bin/sh;
			shellScript = "diff \"${PODS_PODFILE_DIR_PATH}/Podfile.lock\" \"${PODS_ROOT}/Manifest.lock\" > /dev/null\nif [ $? != 0 ] ; then\n    # print error to STDERR\n    echo \"error: The sandbox is not in sync with the Podfile.lock. Run 'pod install' or update your CocoaPods installation.\" >&2\n    exit 1\nfi\n# This output is used by Xcode 'outputs' to avoid re-running this script phase.\necho \"SUCCESS\" > \"${SCRIPT_OUTPUT_FILE_0}\"\n";
			showEnvVarsInLog = 0;
		};
		5463F928ED335AA42F535C73 /* [CP] Embed Pods Frameworks */ = {
			isa = PBXShellScriptBuildPhase;
			buildActionMask = 2147483647;
			files = (
			);
			inputFileListPaths = (
				"${PODS_ROOT}/Target Support Files/Pods-COVID-19/Pods-COVID-19-frameworks-${CONFIGURATION}-input-files.xcfilelist",
			);
			name = "[CP] Embed Pods Frameworks";
			outputFileListPaths = (
				"${PODS_ROOT}/Target Support Files/Pods-COVID-19/Pods-COVID-19-frameworks-${CONFIGURATION}-output-files.xcfilelist",
			);
			runOnlyForDeploymentPostprocessing = 0;
			shellPath = /bin/sh;
			shellScript = "\"${PODS_ROOT}/Target Support Files/Pods-COVID-19/Pods-COVID-19-frameworks.sh\"\n";
			showEnvVarsInLog = 0;
		};
/* End PBXShellScriptBuildPhase section */

/* Begin PBXSourcesBuildPhase section */
		02B9A6A4242371F300B1A4C0 /* Sources */ = {
			isa = PBXSourcesBuildPhase;
			buildActionMask = 2147483647;
			files = (
				024D82F12424A35B00696868 /* RegistrationConfirmationViewController.swift in Sources */,
				024D82F32424AA3400696868 /* TextField+SetImage.swift in Sources */,
				02B9A6C82423989300B1A4C0 /* HealthStatusViewModel.swift in Sources */,
				024D82DA24239AE100696868 /* QuestionTableViewCell.swift in Sources */,
				02B9A6B0242371F300B1A4C0 /* RegistrationViewController.swift in Sources */,
				024D82EE2423F70A00696868 /* Array+SafeAt.swift in Sources */,
				024D82EB2423B67100696868 /* SubmitTableViewCell.swift in Sources */,
				02B9A6AC242371F300B1A4C0 /* AppDelegate.swift in Sources */,
				02B9A6AE242371F300B1A4C0 /* SceneDelegate.swift in Sources */,
				02B9A6C024237D6F00B1A4C0 /* HomeViewController.swift in Sources */,
				024D82E82423A84200696868 /* HealthStatus.swift in Sources */,
				024D82E02423A0AE00696868 /* NoSymptomsTableViewCell.swift in Sources */,
				024D82DD24239F0D00696868 /* UIViewExtension.swift in Sources */,
				02B9A6C22423860E00B1A4C0 /* HealthStatusViewController.swift in Sources */,
				024D82D624239A7800696868 /* BaseViewConfigurator.swift in Sources */,
			);
			runOnlyForDeploymentPostprocessing = 0;
		};
/* End PBXSourcesBuildPhase section */

/* Begin PBXVariantGroup section */
		02B9A6B1242371F300B1A4C0 /* Main.storyboard */ = {
			isa = PBXVariantGroup;
			children = (
				02B9A6B2242371F300B1A4C0 /* Base */,
			);
			name = Main.storyboard;
			sourceTree = "<group>";
		};
		02B9A6B6242371F500B1A4C0 /* LaunchScreen.storyboard */ = {
			isa = PBXVariantGroup;
			children = (
				02B9A6B7242371F500B1A4C0 /* Base */,
			);
			name = LaunchScreen.storyboard;
			sourceTree = "<group>";
		};
/* End PBXVariantGroup section */

/* Begin XCBuildConfiguration section */
		02B9A6BA242371F500B1A4C0 /* Debug */ = {
			isa = XCBuildConfiguration;
			buildSettings = {
				ALWAYS_SEARCH_USER_PATHS = NO;
				CLANG_ANALYZER_NONNULL = YES;
				CLANG_ANALYZER_NUMBER_OBJECT_CONVERSION = YES_AGGRESSIVE;
				CLANG_CXX_LANGUAGE_STANDARD = "gnu++14";
				CLANG_CXX_LIBRARY = "libc++";
				CLANG_ENABLE_MODULES = YES;
				CLANG_ENABLE_OBJC_ARC = YES;
				CLANG_ENABLE_OBJC_WEAK = YES;
				CLANG_WARN_BLOCK_CAPTURE_AUTORELEASING = YES;
				CLANG_WARN_BOOL_CONVERSION = YES;
				CLANG_WARN_COMMA = YES;
				CLANG_WARN_CONSTANT_CONVERSION = YES;
				CLANG_WARN_DEPRECATED_OBJC_IMPLEMENTATIONS = YES;
				CLANG_WARN_DIRECT_OBJC_ISA_USAGE = YES_ERROR;
				CLANG_WARN_DOCUMENTATION_COMMENTS = YES;
				CLANG_WARN_EMPTY_BODY = YES;
				CLANG_WARN_ENUM_CONVERSION = YES;
				CLANG_WARN_INFINITE_RECURSION = YES;
				CLANG_WARN_INT_CONVERSION = YES;
				CLANG_WARN_NON_LITERAL_NULL_CONVERSION = YES;
				CLANG_WARN_OBJC_IMPLICIT_RETAIN_SELF = YES;
				CLANG_WARN_OBJC_LITERAL_CONVERSION = YES;
				CLANG_WARN_OBJC_ROOT_CLASS = YES_ERROR;
				CLANG_WARN_RANGE_LOOP_ANALYSIS = YES;
				CLANG_WARN_STRICT_PROTOTYPES = YES;
				CLANG_WARN_SUSPICIOUS_MOVE = YES;
				CLANG_WARN_UNGUARDED_AVAILABILITY = YES_AGGRESSIVE;
				CLANG_WARN_UNREACHABLE_CODE = YES;
				CLANG_WARN__DUPLICATE_METHOD_MATCH = YES;
				COPY_PHASE_STRIP = NO;
				DEBUG_INFORMATION_FORMAT = dwarf;
				ENABLE_STRICT_OBJC_MSGSEND = YES;
				ENABLE_TESTABILITY = YES;
				GCC_C_LANGUAGE_STANDARD = gnu11;
				GCC_DYNAMIC_NO_PIC = NO;
				GCC_NO_COMMON_BLOCKS = YES;
				GCC_OPTIMIZATION_LEVEL = 0;
				GCC_PREPROCESSOR_DEFINITIONS = (
					"DEBUG=1",
					"$(inherited)",
				);
				GCC_WARN_64_TO_32_BIT_CONVERSION = YES;
				GCC_WARN_ABOUT_RETURN_TYPE = YES_ERROR;
				GCC_WARN_UNDECLARED_SELECTOR = YES;
				GCC_WARN_UNINITIALIZED_AUTOS = YES_AGGRESSIVE;
				GCC_WARN_UNUSED_FUNCTION = YES;
				GCC_WARN_UNUSED_VARIABLE = YES;
				IPHONEOS_DEPLOYMENT_TARGET = 13.2;
				MTL_ENABLE_DEBUG_INFO = INCLUDE_SOURCE;
				MTL_FAST_MATH = YES;
				ONLY_ACTIVE_ARCH = YES;
				SDKROOT = iphoneos;
				SWIFT_ACTIVE_COMPILATION_CONDITIONS = DEBUG;
				SWIFT_OPTIMIZATION_LEVEL = "-Onone";
			};
			name = Debug;
		};
		02B9A6BB242371F500B1A4C0 /* Release */ = {
			isa = XCBuildConfiguration;
			buildSettings = {
				ALWAYS_SEARCH_USER_PATHS = NO;
				CLANG_ANALYZER_NONNULL = YES;
				CLANG_ANALYZER_NUMBER_OBJECT_CONVERSION = YES_AGGRESSIVE;
				CLANG_CXX_LANGUAGE_STANDARD = "gnu++14";
				CLANG_CXX_LIBRARY = "libc++";
				CLANG_ENABLE_MODULES = YES;
				CLANG_ENABLE_OBJC_ARC = YES;
				CLANG_ENABLE_OBJC_WEAK = YES;
				CLANG_WARN_BLOCK_CAPTURE_AUTORELEASING = YES;
				CLANG_WARN_BOOL_CONVERSION = YES;
				CLANG_WARN_COMMA = YES;
				CLANG_WARN_CONSTANT_CONVERSION = YES;
				CLANG_WARN_DEPRECATED_OBJC_IMPLEMENTATIONS = YES;
				CLANG_WARN_DIRECT_OBJC_ISA_USAGE = YES_ERROR;
				CLANG_WARN_DOCUMENTATION_COMMENTS = YES;
				CLANG_WARN_EMPTY_BODY = YES;
				CLANG_WARN_ENUM_CONVERSION = YES;
				CLANG_WARN_INFINITE_RECURSION = YES;
				CLANG_WARN_INT_CONVERSION = YES;
				CLANG_WARN_NON_LITERAL_NULL_CONVERSION = YES;
				CLANG_WARN_OBJC_IMPLICIT_RETAIN_SELF = YES;
				CLANG_WARN_OBJC_LITERAL_CONVERSION = YES;
				CLANG_WARN_OBJC_ROOT_CLASS = YES_ERROR;
				CLANG_WARN_RANGE_LOOP_ANALYSIS = YES;
				CLANG_WARN_STRICT_PROTOTYPES = YES;
				CLANG_WARN_SUSPICIOUS_MOVE = YES;
				CLANG_WARN_UNGUARDED_AVAILABILITY = YES_AGGRESSIVE;
				CLANG_WARN_UNREACHABLE_CODE = YES;
				CLANG_WARN__DUPLICATE_METHOD_MATCH = YES;
				COPY_PHASE_STRIP = NO;
				DEBUG_INFORMATION_FORMAT = "dwarf-with-dsym";
				ENABLE_NS_ASSERTIONS = NO;
				ENABLE_STRICT_OBJC_MSGSEND = YES;
				GCC_C_LANGUAGE_STANDARD = gnu11;
				GCC_NO_COMMON_BLOCKS = YES;
				GCC_WARN_64_TO_32_BIT_CONVERSION = YES;
				GCC_WARN_ABOUT_RETURN_TYPE = YES_ERROR;
				GCC_WARN_UNDECLARED_SELECTOR = YES;
				GCC_WARN_UNINITIALIZED_AUTOS = YES_AGGRESSIVE;
				GCC_WARN_UNUSED_FUNCTION = YES;
				GCC_WARN_UNUSED_VARIABLE = YES;
				IPHONEOS_DEPLOYMENT_TARGET = 13.2;
				MTL_ENABLE_DEBUG_INFO = NO;
				MTL_FAST_MATH = YES;
				SDKROOT = iphoneos;
				SWIFT_COMPILATION_MODE = wholemodule;
				SWIFT_OPTIMIZATION_LEVEL = "-O";
				VALIDATE_PRODUCT = YES;
			};
			name = Release;
		};
		02B9A6BD242371F500B1A4C0 /* Debug */ = {
			isa = XCBuildConfiguration;
			baseConfigurationReference = C92708A9BE1BB942C4F3631A /* Pods-COVID-19.debug.xcconfig */;
			buildSettings = {
				ASSETCATALOG_COMPILER_APPICON_NAME = AppIcon;
				CODE_SIGN_IDENTITY = "iPhone Developer";
				CODE_SIGN_STYLE = Manual;
				DEVELOPMENT_TEAM = UWBDU93DZY;
				INFOPLIST_FILE = "COVID-19/Info.plist";
				IPHONEOS_DEPLOYMENT_TARGET = 10.0;
				LD_RUNPATH_SEARCH_PATHS = (
					"$(inherited)",
					"@executable_path/Frameworks",
				);
				PRODUCT_BUNDLE_IDENTIFIER = com.upnetix.healthcare;
				PRODUCT_NAME = "$(TARGET_NAME)";
				PROVISIONING_PROFILE_SPECIFIER = "covid-19 healthcare dev";
				SWIFT_VERSION = 5.0;
				TARGETED_DEVICE_FAMILY = "1,2";
			};
			name = Debug;
		};
		02B9A6BE242371F500B1A4C0 /* Release */ = {
			isa = XCBuildConfiguration;
			baseConfigurationReference = 342AD023A3A82D0930F0B286 /* Pods-COVID-19.release.xcconfig */;
			buildSettings = {
				ASSETCATALOG_COMPILER_APPICON_NAME = AppIcon;
				CODE_SIGN_IDENTITY = "iPhone Developer";
				CODE_SIGN_STYLE = Manual;
				DEVELOPMENT_TEAM = UWBDU93DZY;
				INFOPLIST_FILE = "COVID-19/Info.plist";
				IPHONEOS_DEPLOYMENT_TARGET = 10.0;
				LD_RUNPATH_SEARCH_PATHS = (
					"$(inherited)",
					"@executable_path/Frameworks",
				);
				PRODUCT_BUNDLE_IDENTIFIER = com.upnetix.healthcare;
				PRODUCT_NAME = "$(TARGET_NAME)";
				PROVISIONING_PROFILE = "58e4f0a4-0997-4168-bb47-2a47f0a60543";
				PROVISIONING_PROFILE_SPECIFIER = "covid19-healthcare-prod";
				SWIFT_VERSION = 5.0;
				TARGETED_DEVICE_FAMILY = "1,2";
			};
			name = Release;
		};
/* End XCBuildConfiguration section */

/* Begin XCConfigurationList section */
		02B9A6A3242371F300B1A4C0 /* Build configuration list for PBXProject "COVID-19" */ = {
			isa = XCConfigurationList;
			buildConfigurations = (
				02B9A6BA242371F500B1A4C0 /* Debug */,
				02B9A6BB242371F500B1A4C0 /* Release */,
			);
			defaultConfigurationIsVisible = 0;
			defaultConfigurationName = Release;
		};
		02B9A6BC242371F500B1A4C0 /* Build configuration list for PBXNativeTarget "COVID-19" */ = {
			isa = XCConfigurationList;
			buildConfigurations = (
				02B9A6BD242371F500B1A4C0 /* Debug */,
				02B9A6BE242371F500B1A4C0 /* Release */,
			);
			defaultConfigurationIsVisible = 0;
			defaultConfigurationName = Release;
		};
/* End XCConfigurationList section */
	};
	rootObject = 02B9A6A0242371F300B1A4C0 /* Project object */;
}
